PODS:
  - Charts (3.6.0):
    - Charts/Core (= 3.6.0)
  - Charts/Core (3.6.0)
  - Realm (10.7.5):
    - Realm/Headers (= 10.7.5)
  - Realm/Headers (10.7.5)
  - RealmSwift (10.7.5):
    - Realm (= 10.7.5)
  - SkeletonView (1.15.0)

DEPENDENCIES:
  - Charts
  - RealmSwift
  - SkeletonView

SPEC REPOS:
  trunk:
    - Charts
    - Realm
    - RealmSwift
    - SkeletonView

SPEC CHECKSUMS:
  Charts: b1e3a1f5a1c9ba5394438ca3b91bd8c9076310af
  Realm: 06f5c67f87cb8c5f27b122218ce22e9a77314517
  RealmSwift: b46535b52e69b9ed33912f0fcb3182ab0a5743ee
  SkeletonView: cac18a3ac4f893b09d99e65072d806ef08377aae

PODFILE CHECKSUM: e5a20e9415beab67514f44d808a2b111ecb35f44

COCOAPODS: 1.10.1
