// !$*UTF8*$!
{
	archiveVersion = 1;
	classes = {
	};
	objectVersion = 51;
	objects = {

/* Begin PBXBuildFile section */
		84133A3B261677C800092745 /* ResultsTableController.swift in Sources */ = {isa = PBXBuildFile; fileRef = 84133A3A261677C800092745 /* ResultsTableController.swift */; };
		84133A402616788200092745 /* DetailViewController.swift in Sources */ = {isa = PBXBuildFile; fileRef = 84133A3F2616788200092745 /* DetailViewController.swift */; };
		8428FB9B2613A72100C186CB /* StockBuilder.swift in Sources */ = {isa = PBXBuildFile; fileRef = 8428FB9A2613A72100C186CB /* StockBuilder.swift */; };
		8428FB9F2614EBF300C186CB /* Constants.swift in Sources */ = {isa = PBXBuildFile; fileRef = 8428FB9E2614EBF300C186CB /* Constants.swift */; };
		847E85B3261A411000E9969F /* StockFavourite.swift in Sources */ = {isa = PBXBuildFile; fileRef = 847E85B2261A411000E9969F /* StockFavourite.swift */; };
		84A784AD25FE87CC000E3FDE /* AppDelegate.swift in Sources */ = {isa = PBXBuildFile; fileRef = 84A784AC25FE87CC000E3FDE /* AppDelegate.swift */; };
		84A784AF25FE87CC000E3FDE /* SceneDelegate.swift in Sources */ = {isa = PBXBuildFile; fileRef = 84A784AE25FE87CC000E3FDE /* SceneDelegate.swift */; };
		84A784B425FE87CC000E3FDE /* Main.storyboard in Resources */ = {isa = PBXBuildFile; fileRef = 84A784B225FE87CC000E3FDE /* Main.storyboard */; };
		84A784B625FE87CF000E3FDE /* Assets.xcassets in Resources */ = {isa = PBXBuildFile; fileRef = 84A784B525FE87CF000E3FDE /* Assets.xcassets */; };
		84A784B925FE87CF000E3FDE /* LaunchScreen.storyboard in Resources */ = {isa = PBXBuildFile; fileRef = 84A784B725FE87CF000E3FDE /* LaunchScreen.storyboard */; };
		84A784CC260792EC000E3FDE /* StockData.swift in Sources */ = {isa = PBXBuildFile; fileRef = 84A784CB260792EB000E3FDE /* StockData.swift */; };
		84A784CF26079303000E3FDE /* StockNetwork.swift in Sources */ = {isa = PBXBuildFile; fileRef = 84A784CE26079303000E3FDE /* StockNetwork.swift */; };
		84A784D72607948B000E3FDE /* StockViewController.swift in Sources */ = {isa = PBXBuildFile; fileRef = 84A784D62607948A000E3FDE /* StockViewController.swift */; };
		84A784ED2607968C000E3FDE /* StockCell.swift in Sources */ = {isa = PBXBuildFile; fileRef = 84A784EB2607968C000E3FDE /* StockCell.swift */; };
		84A784EE2607968C000E3FDE /* StockCell.xib in Resources */ = {isa = PBXBuildFile; fileRef = 84A784EC2607968C000E3FDE /* StockCell.xib */; };
		84A78503260A6BD6000E3FDE /* StockError.swift in Sources */ = {isa = PBXBuildFile; fileRef = 84A78502260A6BD6000E3FDE /* StockError.swift */; };
		84A78507260A7E8A000E3FDE /* StockModel.swift in Sources */ = {isa = PBXBuildFile; fileRef = 84A78506260A7E8A000E3FDE /* StockModel.swift */; };
		84C719392610EEC10000D0C2 /* StockFormatter.swift in Sources */ = {isa = PBXBuildFile; fileRef = 84C719382610EEC10000D0C2 /* StockFormatter.swift */; };
		84D2C45F2618C49F0031B14A /* Config.swift in Sources */ = {isa = PBXBuildFile; fileRef = 84D2C45E2618C49F0031B14A /* Config.swift */; };
		84D71B0E261B728000D4EC9C /* StockChartCell.swift in Sources */ = {isa = PBXBuildFile; fileRef = 84D71B0C261B728000D4EC9C /* StockChartCell.swift */; };
		84D71B0F261B728000D4EC9C /* StockChartCell.xib in Resources */ = {isa = PBXBuildFile; fileRef = 84D71B0D261B728000D4EC9C /* StockChartCell.xib */; };
		CC0A2A0088BE624E0268E05A /* Pods_Stock_Screener.framework in Frameworks */ = {isa = PBXBuildFile; fileRef = F0361BC0E9663F07EBD64A92 /* Pods_Stock_Screener.framework */; };
/* End PBXBuildFile section */

/* Begin PBXFileReference section */
		2C29C1EDC0D85BB41FD54132 /* Pods-Stock Screener.debug.xcconfig */ = {isa = PBXFileReference; includeInIndex = 1; lastKnownFileType = text.xcconfig; name = "Pods-Stock Screener.debug.xcconfig"; path = "Target Support Files/Pods-Stock Screener/Pods-Stock Screener.debug.xcconfig"; sourceTree = "<group>"; };
		84133A3A261677C800092745 /* ResultsTableController.swift */ = {isa = PBXFileReference; fileEncoding = 4; lastKnownFileType = sourcecode.swift; path = ResultsTableController.swift; sourceTree = "<group>"; };
		84133A3F2616788200092745 /* DetailViewController.swift */ = {isa = PBXFileReference; fileEncoding = 4; lastKnownFileType = sourcecode.swift; path = DetailViewController.swift; sourceTree = "<group>"; };
		8428FB9A2613A72100C186CB /* StockBuilder.swift */ = {isa = PBXFileReference; lastKnownFileType = sourcecode.swift; path = StockBuilder.swift; sourceTree = "<group>"; };
		8428FB9E2614EBF300C186CB /* Constants.swift */ = {isa = PBXFileReference; lastKnownFileType = sourcecode.swift; path = Constants.swift; sourceTree = "<group>"; };
		847E85B2261A411000E9969F /* StockFavourite.swift */ = {isa = PBXFileReference; lastKnownFileType = sourcecode.swift; path = StockFavourite.swift; sourceTree = "<group>"; };
		84A784A925FE87CC000E3FDE /* Stock Screener.app */ = {isa = PBXFileReference; explicitFileType = wrapper.application; includeInIndex = 0; path = "Stock Screener.app"; sourceTree = BUILT_PRODUCTS_DIR; };
		84A784AC25FE87CC000E3FDE /* AppDelegate.swift */ = {isa = PBXFileReference; lastKnownFileType = sourcecode.swift; path = AppDelegate.swift; sourceTree = "<group>"; };
		84A784AE25FE87CC000E3FDE /* SceneDelegate.swift */ = {isa = PBXFileReference; lastKnownFileType = sourcecode.swift; path = SceneDelegate.swift; sourceTree = "<group>"; };
		84A784B325FE87CC000E3FDE /* Base */ = {isa = PBXFileReference; lastKnownFileType = file.storyboard; name = Base; path = Base.lproj/Main.storyboard; sourceTree = "<group>"; };
		84A784B525FE87CF000E3FDE /* Assets.xcassets */ = {isa = PBXFileReference; lastKnownFileType = folder.assetcatalog; path = Assets.xcassets; sourceTree = "<group>"; };
		84A784B825FE87CF000E3FDE /* Base */ = {isa = PBXFileReference; lastKnownFileType = file.storyboard; name = Base; path = Base.lproj/LaunchScreen.storyboard; sourceTree = "<group>"; };
		84A784BA25FE87CF000E3FDE /* Info.plist */ = {isa = PBXFileReference; lastKnownFileType = text.plist.xml; path = Info.plist; sourceTree = "<group>"; };
		84A784CB260792EB000E3FDE /* StockData.swift */ = {isa = PBXFileReference; lastKnownFileType = sourcecode.swift; path = StockData.swift; sourceTree = "<group>"; };
		84A784CE26079303000E3FDE /* StockNetwork.swift */ = {isa = PBXFileReference; lastKnownFileType = sourcecode.swift; path = StockNetwork.swift; sourceTree = "<group>"; };
		84A784D62607948A000E3FDE /* StockViewController.swift */ = {isa = PBXFileReference; lastKnownFileType = sourcecode.swift; path = StockViewController.swift; sourceTree = "<group>"; };
		84A784EB2607968C000E3FDE /* StockCell.swift */ = {isa = PBXFileReference; lastKnownFileType = sourcecode.swift; path = StockCell.swift; sourceTree = "<group>"; };
		84A784EC2607968C000E3FDE /* StockCell.xib */ = {isa = PBXFileReference; lastKnownFileType = file.xib; path = StockCell.xib; sourceTree = "<group>"; };
		84A78502260A6BD6000E3FDE /* StockError.swift */ = {isa = PBXFileReference; lastKnownFileType = sourcecode.swift; path = StockError.swift; sourceTree = "<group>"; };
		84A78506260A7E8A000E3FDE /* StockModel.swift */ = {isa = PBXFileReference; lastKnownFileType = sourcecode.swift; path = StockModel.swift; sourceTree = "<group>"; };
		84C719382610EEC10000D0C2 /* StockFormatter.swift */ = {isa = PBXFileReference; lastKnownFileType = sourcecode.swift; path = StockFormatter.swift; sourceTree = "<group>"; };
		84D2C45E2618C49F0031B14A /* Config.swift */ = {isa = PBXFileReference; lastKnownFileType = sourcecode.swift; path = Config.swift; sourceTree = "<group>"; };
		84D71B0C261B728000D4EC9C /* StockChartCell.swift */ = {isa = PBXFileReference; lastKnownFileType = sourcecode.swift; path = StockChartCell.swift; sourceTree = "<group>"; };
		84D71B0D261B728000D4EC9C /* StockChartCell.xib */ = {isa = PBXFileReference; lastKnownFileType = file.xib; path = StockChartCell.xib; sourceTree = "<group>"; };
		8F54EB28725741BB83BA4549 /* Pods-Stock Screener.release.xcconfig */ = {isa = PBXFileReference; includeInIndex = 1; lastKnownFileType = text.xcconfig; name = "Pods-Stock Screener.release.xcconfig"; path = "Target Support Files/Pods-Stock Screener/Pods-Stock Screener.release.xcconfig"; sourceTree = "<group>"; };
		F0361BC0E9663F07EBD64A92 /* Pods_Stock_Screener.framework */ = {isa = PBXFileReference; explicitFileType = wrapper.framework; includeInIndex = 0; path = Pods_Stock_Screener.framework; sourceTree = BUILT_PRODUCTS_DIR; };
/* End PBXFileReference section */

/* Begin PBXFrameworksBuildPhase section */
		84A784A625FE87CC000E3FDE /* Frameworks */ = {
			isa = PBXFrameworksBuildPhase;
			buildActionMask = 2147483647;
			files = (
				CC0A2A0088BE624E0268E05A /* Pods_Stock_Screener.framework in Frameworks */,
			);
			runOnlyForDeploymentPostprocessing = 0;
		};
/* End PBXFrameworksBuildPhase section */

/* Begin PBXGroup section */
		3FD944F860A51EA8C7E8A454 /* Pods */ = {
			isa = PBXGroup;
			children = (
				2C29C1EDC0D85BB41FD54132 /* Pods-Stock Screener.debug.xcconfig */,
				8F54EB28725741BB83BA4549 /* Pods-Stock Screener.release.xcconfig */,
			);
			path = Pods;
			sourceTree = "<group>";
		};
		64C17B448BE3AAD9EA3D9980 /* Frameworks */ = {
			isa = PBXGroup;
			children = (
				F0361BC0E9663F07EBD64A92 /* Pods_Stock_Screener.framework */,
			);
			name = Frameworks;
			sourceTree = "<group>";
		};
		84A784A025FE87CC000E3FDE = {
			isa = PBXGroup;
			children = (
				84A784AB25FE87CC000E3FDE /* Stock Screener */,
				84A784AA25FE87CC000E3FDE /* Products */,
				3FD944F860A51EA8C7E8A454 /* Pods */,
				64C17B448BE3AAD9EA3D9980 /* Frameworks */,
			);
			sourceTree = "<group>";
		};
		84A784AA25FE87CC000E3FDE /* Products */ = {
			isa = PBXGroup;
			children = (
				84A784A925FE87CC000E3FDE /* Stock Screener.app */,
			);
			name = Products;
			sourceTree = "<group>";
		};
		84A784AB25FE87CC000E3FDE /* Stock Screener */ = {
			isa = PBXGroup;
			children = (
				84A784AC25FE87CC000E3FDE /* AppDelegate.swift */,
				84A784AE25FE87CC000E3FDE /* SceneDelegate.swift */,
				84A784C52601406C000E3FDE /* Models */,
				84A784C626014079000E3FDE /* Views */,
				84A784C326014055000E3FDE /* Controllers */,
				84A784B525FE87CF000E3FDE /* Assets.xcassets */,
				84D2C45E2618C49F0031B14A /* Config.swift */,
				8428FB9E2614EBF300C186CB /* Constants.swift */,
				84A784B725FE87CF000E3FDE /* LaunchScreen.storyboard */,
				84A784BA25FE87CF000E3FDE /* Info.plist */,
			);
			path = "Stock Screener";
			sourceTree = "<group>";
		};
		84A784C326014055000E3FDE /* Controllers */ = {
			isa = PBXGroup;
			children = (
				84A784D62607948A000E3FDE /* StockViewController.swift */,
				84133A3A261677C800092745 /* ResultsTableController.swift */,
				84133A3F2616788200092745 /* DetailViewController.swift */,
			);
			path = Controllers;
			sourceTree = "<group>";
		};
		84A784C52601406C000E3FDE /* Models */ = {
			isa = PBXGroup;
			children = (
				84A784CE26079303000E3FDE /* StockNetwork.swift */,
				8428FB9A2613A72100C186CB /* StockBuilder.swift */,
				84A784CB260792EB000E3FDE /* StockData.swift */,
				84A78502260A6BD6000E3FDE /* StockError.swift */,
				84A78506260A7E8A000E3FDE /* StockModel.swift */,
				84C719382610EEC10000D0C2 /* StockFormatter.swift */,
				847E85B2261A411000E9969F /* StockFavourite.swift */,
			);
			path = Models;
			sourceTree = "<group>";
		};
		84A784C626014079000E3FDE /* Views */ = {
			isa = PBXGroup;
			children = (
				84A784B225FE87CC000E3FDE /* Main.storyboard */,
				84A784EB2607968C000E3FDE /* StockCell.swift */,
				84A784EC2607968C000E3FDE /* StockCell.xib */,
				84D71B0C261B728000D4EC9C /* StockChartCell.swift */,
				84D71B0D261B728000D4EC9C /* StockChartCell.xib */,
			);
			path = Views;
			sourceTree = "<group>";
		};
/* End PBXGroup section */

/* Begin PBXNativeTarget section */
		84A784A825FE87CC000E3FDE /* Stock Screener */ = {
			isa = PBXNativeTarget;
			buildConfigurationList = 84A784BD25FE87CF000E3FDE /* Build configuration list for PBXNativeTarget "Stock Screener" */;
			buildPhases = (
				85F794C3A14CAEF4AE3B422A /* [CP] Check Pods Manifest.lock */,
				84A784A525FE87CC000E3FDE /* Sources */,
				84A784A625FE87CC000E3FDE /* Frameworks */,
				84A784A725FE87CC000E3FDE /* Resources */,
				039191F79A7FEC3036D63C43 /* [CP] Embed Pods Frameworks */,
			);
			buildRules = (
			);
			dependencies = (
			);
			name = "Stock Screener";
			productName = "Stock Screener";
			productReference = 84A784A925FE87CC000E3FDE /* Stock Screener.app */;
			productType = "com.apple.product-type.application";
		};
/* End PBXNativeTarget section */

/* Begin PBXProject section */
		84A784A125FE87CC000E3FDE /* Project object */ = {
			isa = PBXProject;
			attributes = {
				LastSwiftUpdateCheck = 1230;
				LastUpgradeCheck = 1230;
				TargetAttributes = {
					84A784A825FE87CC000E3FDE = {
						CreatedOnToolsVersion = 12.3;
					};
				};
			};
			buildConfigurationList = 84A784A425FE87CC000E3FDE /* Build configuration list for PBXProject "Stock Screener" */;
			compatibilityVersion = "Xcode 9.3";
			developmentRegion = en;
			hasScannedForEncodings = 0;
			knownRegions = (
				en,
				Base,
			);
			mainGroup = 84A784A025FE87CC000E3FDE;
			productRefGroup = 84A784AA25FE87CC000E3FDE /* Products */;
			projectDirPath = "";
			projectRoot = "";
			targets = (
				84A784A825FE87CC000E3FDE /* Stock Screener */,
			);
		};
/* End PBXProject section */

/* Begin PBXResourcesBuildPhase section */
		84A784A725FE87CC000E3FDE /* Resources */ = {
			isa = PBXResourcesBuildPhase;
			buildActionMask = 2147483647;
			files = (
				84A784B925FE87CF000E3FDE /* LaunchScreen.storyboard in Resources */,
				84A784B625FE87CF000E3FDE /* Assets.xcassets in Resources */,
				84A784EE2607968C000E3FDE /* StockCell.xib in Resources */,
				84A784B425FE87CC000E3FDE /* Main.storyboard in Resources */,
				84D71B0F261B728000D4EC9C /* StockChartCell.xib in Resources */,
			);
			runOnlyForDeploymentPostprocessing = 0;
		};
/* End PBXResourcesBuildPhase section */

/* Begin PBXShellScriptBuildPhase section */
		039191F79A7FEC3036D63C43 /* [CP] Embed Pods Frameworks */ = {
			isa = PBXShellScriptBuildPhase;
			buildActionMask = 2147483647;
			files = (
			);
			inputFileListPaths = (
				"${PODS_ROOT}/Target Support Files/Pods-Stock Screener/Pods-Stock Screener-frameworks-${CONFIGURATION}-input-files.xcfilelist",
			);
			name = "[CP] Embed Pods Frameworks";
			outputFileListPaths = (
				"${PODS_ROOT}/Target Support Files/Pods-Stock Screener/Pods-Stock Screener-frameworks-${CONFIGURATION}-output-files.xcfilelist",
			);
			runOnlyForDeploymentPostprocessing = 0;
			shellPath = /bin/sh;
			shellScript = "\"${PODS_ROOT}/Target Support Files/Pods-Stock Screener/Pods-Stock Screener-frameworks.sh\"\n";
			showEnvVarsInLog = 0;
		};
		85F794C3A14CAEF4AE3B422A /* [CP] Check Pods Manifest.lock */ = {
			isa = PBXShellScriptBuildPhase;
			buildActionMask = 2147483647;
			files = (
			);
			inputFileListPaths = (
			);
			inputPaths = (
				"${PODS_PODFILE_DIR_PATH}/Podfile.lock",
				"${PODS_ROOT}/Manifest.lock",
			);
			name = "[CP] Check Pods Manifest.lock";
			outputFileListPaths = (
			);
			outputPaths = (
				"$(DERIVED_FILE_DIR)/Pods-Stock Screener-checkManifestLockResult.txt",
			);
			runOnlyForDeploymentPostprocessing = 0;
			shellPath = /bin/sh;
			shellScript = "diff \"${PODS_PODFILE_DIR_PATH}/Podfile.lock\" \"${PODS_ROOT}/Manifest.lock\" > /dev/null\nif [ $? != 0 ] ; then\n    # print error to STDERR\n    echo \"error: The sandbox is not in sync with the Podfile.lock. Run 'pod install' or update your CocoaPods installation.\" >&2\n    exit 1\nfi\n# This output is used by Xcode 'outputs' to avoid re-running this script phase.\necho \"SUCCESS\" > \"${SCRIPT_OUTPUT_FILE_0}\"\n";
			showEnvVarsInLog = 0;
		};
/* End PBXShellScriptBuildPhase section */

/* Begin PBXSourcesBuildPhase section */
		84A784A525FE87CC000E3FDE /* Sources */ = {
			isa = PBXSourcesBuildPhase;
			buildActionMask = 2147483647;
			files = (
				84133A402616788200092745 /* DetailViewController.swift in Sources */,
				84A78507260A7E8A000E3FDE /* StockModel.swift in Sources */,
				8428FB9F2614EBF300C186CB /* Constants.swift in Sources */,
				847E85B3261A411000E9969F /* StockFavourite.swift in Sources */,
				84D2C45F2618C49F0031B14A /* Config.swift in Sources */,
				84A784CF26079303000E3FDE /* StockNetwork.swift in Sources */,
				84C719392610EEC10000D0C2 /* StockFormatter.swift in Sources */,
				84A78503260A6BD6000E3FDE /* StockError.swift in Sources */,
				8428FB9B2613A72100C186CB /* StockBuilder.swift in Sources */,
				84A784ED2607968C000E3FDE /* StockCell.swift in Sources */,
				84A784AD25FE87CC000E3FDE /* AppDelegate.swift in Sources */,
				84D71B0E261B728000D4EC9C /* StockChartCell.swift in Sources */,
				84A784D72607948B000E3FDE /* StockViewController.swift in Sources */,
				84133A3B261677C800092745 /* ResultsTableController.swift in Sources */,
				84A784CC260792EC000E3FDE /* StockData.swift in Sources */,
				84A784AF25FE87CC000E3FDE /* SceneDelegate.swift in Sources */,
			);
			runOnlyForDeploymentPostprocessing = 0;
		};
/* End PBXSourcesBuildPhase section */

/* Begin PBXVariantGroup section */
		84A784B225FE87CC000E3FDE /* Main.storyboard */ = {
			isa = PBXVariantGroup;
			children = (
				84A784B325FE87CC000E3FDE /* Base */,
			);
			name = Main.storyboard;
			sourceTree = "<group>";
		};
		84A784B725FE87CF000E3FDE /* LaunchScreen.storyboard */ = {
			isa = PBXVariantGroup;
			children = (
				84A784B825FE87CF000E3FDE /* Base */,
			);
			name = LaunchScreen.storyboard;
			sourceTree = "<group>";
		};
/* End PBXVariantGroup section */

/* Begin XCBuildConfiguration section */
		84A784BB25FE87CF000E3FDE /* Debug */ = {
			isa = XCBuildConfiguration;
			buildSettings = {
				ALWAYS_SEARCH_USER_PATHS = NO;
				CLANG_ANALYZER_NONNULL = YES;
				CLANG_ANALYZER_NUMBER_OBJECT_CONVERSION = YES_AGGRESSIVE;
				CLANG_CXX_LANGUAGE_STANDARD = "gnu++14";
				CLANG_CXX_LIBRARY = "libc++";
				CLANG_ENABLE_MODULES = YES;
				CLANG_ENABLE_OBJC_ARC = YES;
				CLANG_ENABLE_OBJC_WEAK = YES;
				CLANG_WARN_BLOCK_CAPTURE_AUTORELEASING = YES;
				CLANG_WARN_BOOL_CONVERSION = YES;
				CLANG_WARN_COMMA = YES;
				CLANG_WARN_CONSTANT_CONVERSION = YES;
				CLANG_WARN_DEPRECATED_OBJC_IMPLEMENTATIONS = YES;
				CLANG_WARN_DIRECT_OBJC_ISA_USAGE = YES_ERROR;
				CLANG_WARN_DOCUMENTATION_COMMENTS = YES;
				CLANG_WARN_EMPTY_BODY = YES;
				CLANG_WARN_ENUM_CONVERSION = YES;
				CLANG_WARN_INFINITE_RECURSION = YES;
				CLANG_WARN_INT_CONVERSION = YES;
				CLANG_WARN_NON_LITERAL_NULL_CONVERSION = YES;
				CLANG_WARN_OBJC_IMPLICIT_RETAIN_SELF = YES;
				CLANG_WARN_OBJC_LITERAL_CONVERSION = YES;
				CLANG_WARN_OBJC_ROOT_CLASS = YES_ERROR;
				CLANG_WARN_QUOTED_INCLUDE_IN_FRAMEWORK_HEADER = YES;
				CLANG_WARN_RANGE_LOOP_ANALYSIS = YES;
				CLANG_WARN_STRICT_PROTOTYPES = YES;
				CLANG_WARN_SUSPICIOUS_MOVE = YES;
				CLANG_WARN_UNGUARDED_AVAILABILITY = YES_AGGRESSIVE;
				CLANG_WARN_UNREACHABLE_CODE = YES;
				CLANG_WARN__DUPLICATE_METHOD_MATCH = YES;
				COPY_PHASE_STRIP = NO;
				DEBUG_INFORMATION_FORMAT = dwarf;
				ENABLE_STRICT_OBJC_MSGSEND = YES;
				ENABLE_TESTABILITY = YES;
				GCC_C_LANGUAGE_STANDARD = gnu11;
				GCC_DYNAMIC_NO_PIC = NO;
				GCC_NO_COMMON_BLOCKS = YES;
				GCC_OPTIMIZATION_LEVEL = 0;
				GCC_PREPROCESSOR_DEFINITIONS = (
					"DEBUG=1",
					"$(inherited)",
				);
				GCC_WARN_64_TO_32_BIT_CONVERSION = YES;
				GCC_WARN_ABOUT_RETURN_TYPE = YES_ERROR;
				GCC_WARN_UNDECLARED_SELECTOR = YES;
				GCC_WARN_UNINITIALIZED_AUTOS = YES_AGGRESSIVE;
				GCC_WARN_UNUSED_FUNCTION = YES;
				GCC_WARN_UNUSED_VARIABLE = YES;
				IPHONEOS_DEPLOYMENT_TARGET = 14.0;
				MTL_ENABLE_DEBUG_INFO = INCLUDE_SOURCE;
				MTL_FAST_MATH = YES;
				ONLY_ACTIVE_ARCH = YES;
				SDKROOT = iphoneos;
				SWIFT_ACTIVE_COMPILATION_CONDITIONS = DEBUG;
				SWIFT_OPTIMIZATION_LEVEL = "-Onone";
			};
			name = Debug;
		};
		84A784BC25FE87CF000E3FDE /* Release */ = {
			isa = XCBuildConfiguration;
			buildSettings = {
				ALWAYS_SEARCH_USER_PATHS = NO;
				CLANG_ANALYZER_NONNULL = YES;
				CLANG_ANALYZER_NUMBER_OBJECT_CONVERSION = YES_AGGRESSIVE;
				CLANG_CXX_LANGUAGE_STANDARD = "gnu++14";
				CLANG_CXX_LIBRARY = "libc++";
				CLANG_ENABLE_MODULES = YES;
				CLANG_ENABLE_OBJC_ARC = YES;
				CLANG_ENABLE_OBJC_WEAK = YES;
				CLANG_WARN_BLOCK_CAPTURE_AUTORELEASING = YES;
				CLANG_WARN_BOOL_CONVERSION = YES;
				CLANG_WARN_COMMA = YES;
				CLANG_WARN_CONSTANT_CONVERSION = YES;
				CLANG_WARN_DEPRECATED_OBJC_IMPLEMENTATIONS = YES;
				CLANG_WARN_DIRECT_OBJC_ISA_USAGE = YES_ERROR;
				CLANG_WARN_DOCUMENTATION_COMMENTS = YES;
				CLANG_WARN_EMPTY_BODY = YES;
				CLANG_WARN_ENUM_CONVERSION = YES;
				CLANG_WARN_INFINITE_RECURSION = YES;
				CLANG_WARN_INT_CONVERSION = YES;
				CLANG_WARN_NON_LITERAL_NULL_CONVERSION = YES;
				CLANG_WARN_OBJC_IMPLICIT_RETAIN_SELF = YES;
				CLANG_WARN_OBJC_LITERAL_CONVERSION = YES;
				CLANG_WARN_OBJC_ROOT_CLASS = YES_ERROR;
				CLANG_WARN_QUOTED_INCLUDE_IN_FRAMEWORK_HEADER = YES;
				CLANG_WARN_RANGE_LOOP_ANALYSIS = YES;
				CLANG_WARN_STRICT_PROTOTYPES = YES;
				CLANG_WARN_SUSPICIOUS_MOVE = YES;
				CLANG_WARN_UNGUARDED_AVAILABILITY = YES_AGGRESSIVE;
				CLANG_WARN_UNREACHABLE_CODE = YES;
				CLANG_WARN__DUPLICATE_METHOD_MATCH = YES;
				COPY_PHASE_STRIP = NO;
				DEBUG_INFORMATION_FORMAT = "dwarf-with-dsym";
				ENABLE_NS_ASSERTIONS = NO;
				ENABLE_STRICT_OBJC_MSGSEND = YES;
				GCC_C_LANGUAGE_STANDARD = gnu11;
				GCC_NO_COMMON_BLOCKS = YES;
				GCC_WARN_64_TO_32_BIT_CONVERSION = YES;
				GCC_WARN_ABOUT_RETURN_TYPE = YES_ERROR;
				GCC_WARN_UNDECLARED_SELECTOR = YES;
				GCC_WARN_UNINITIALIZED_AUTOS = YES_AGGRESSIVE;
				GCC_WARN_UNUSED_FUNCTION = YES;
				GCC_WARN_UNUSED_VARIABLE = YES;
				IPHONEOS_DEPLOYMENT_TARGET = 14.0;
				MTL_ENABLE_DEBUG_INFO = NO;
				MTL_FAST_MATH = YES;
				SDKROOT = iphoneos;
				SWIFT_COMPILATION_MODE = wholemodule;
				SWIFT_OPTIMIZATION_LEVEL = "-O";
				VALIDATE_PRODUCT = YES;
			};
			name = Release;
		};
		84A784BE25FE87CF000E3FDE /* Debug */ = {
			isa = XCBuildConfiguration;
			baseConfigurationReference = 2C29C1EDC0D85BB41FD54132 /* Pods-Stock Screener.debug.xcconfig */;
			buildSettings = {
				ASSETCATALOG_COMPILER_APPICON_NAME = AppIcon;
				ASSETCATALOG_COMPILER_GLOBAL_ACCENT_COLOR_NAME = AccentColor;
				CODE_SIGN_STYLE = Automatic;
				DEVELOPMENT_TEAM = 86Y95KX8Y4;
				INFOPLIST_FILE = "Stock Screener/Info.plist";
				IPHONEOS_DEPLOYMENT_TARGET = 13.0;
				LD_RUNPATH_SEARCH_PATHS = (
					"$(inherited)",
					"@executable_path/Frameworks",
				);
				PRODUCT_BUNDLE_IDENTIFIER = "com.elieff.iOS-Stock-Screener";
				PRODUCT_NAME = "$(TARGET_NAME)";
				SWIFT_VERSION = 5.0;
				TARGETED_DEVICE_FAMILY = 1;
			};
			name = Debug;
		};
		84A784BF25FE87CF000E3FDE /* Release */ = {
			isa = XCBuildConfiguration;
			baseConfigurationReference = 8F54EB28725741BB83BA4549 /* Pods-Stock Screener.release.xcconfig */;
			buildSettings = {
				ASSETCATALOG_COMPILER_APPICON_NAME = AppIcon;
				ASSETCATALOG_COMPILER_GLOBAL_ACCENT_COLOR_NAME = AccentColor;
				CODE_SIGN_STYLE = Automatic;
				DEVELOPMENT_TEAM = 86Y95KX8Y4;
				INFOPLIST_FILE = "Stock Screener/Info.plist";
				IPHONEOS_DEPLOYMENT_TARGET = 13.0;
				LD_RUNPATH_SEARCH_PATHS = (
					"$(inherited)",
					"@executable_path/Frameworks",
				);
				PRODUCT_BUNDLE_IDENTIFIER = "com.elieff.iOS-Stock-Screener";
				PRODUCT_NAME = "$(TARGET_NAME)";
				SWIFT_VERSION = 5.0;
				TARGETED_DEVICE_FAMILY = 1;
			};
			name = Release;
		};
/* End XCBuildConfiguration section */

/* Begin XCConfigurationList section */
		84A784A425FE87CC000E3FDE /* Build configuration list for PBXProject "Stock Screener" */ = {
			isa = XCConfigurationList;
			buildConfigurations = (
				84A784BB25FE87CF000E3FDE /* Debug */,
				84A784BC25FE87CF000E3FDE /* Release */,
			);
			defaultConfigurationIsVisible = 0;
			defaultConfigurationName = Release;
		};
		84A784BD25FE87CF000E3FDE /* Build configuration list for PBXNativeTarget "Stock Screener" */ = {
			isa = XCConfigurationList;
			buildConfigurations = (
				84A784BE25FE87CF000E3FDE /* Debug */,
				84A784BF25FE87CF000E3FDE /* Release */,
			);
			defaultConfigurationIsVisible = 0;
			defaultConfigurationName = Release;
		};
/* End XCConfigurationList section */
	};
	rootObject = 84A784A125FE87CC000E3FDE /* Project object */;
}
