// !$*UTF8*$!
{
	archiveVersion = 1;
	classes = {
	};
	objectVersion = 54;
	objects = {

/* Begin PBXBuildFile section */
		84133A3B261677C800092745 /* ResultsTableController.swift in Sources */ = {isa = PBXBuildFile; fileRef = 84133A3A261677C800092745 /* ResultsTableController.swift */; };
		84133A402616788200092745 /* DetailViewController.swift in Sources */ = {isa = PBXBuildFile; fileRef = 84133A3F2616788200092745 /* DetailViewController.swift */; };
		8428FB9B2613A72100C186CB /* StockManager.swift in Sources */ = {isa = PBXBuildFile; fileRef = 8428FB9A2613A72100C186CB /* StockManager.swift */; };
		8428FB9F2614EBF300C186CB /* Constants.swift in Sources */ = {isa = PBXBuildFile; fileRef = 8428FB9E2614EBF300C186CB /* Constants.swift */; };
		84475E05262C8632004B7E99 /* ShadowView.swift in Sources */ = {isa = PBXBuildFile; fileRef = 84475E04262C8632004B7E99 /* ShadowView.swift */; };
		845E3A8E262F4EF40089272C /* StockSegments.swift in Sources */ = {isa = PBXBuildFile; fileRef = 845E3A8D262F4EF40089272C /* StockSegments.swift */; };
		846D167C2641B12E006DA72B /* StockModelObject.swift in Sources */ = {isa = PBXBuildFile; fileRef = 846D167B2641B12E006DA72B /* StockModelObject.swift */; };
		846D167F2641B18A006DA72B /* StockObject.swift in Sources */ = {isa = PBXBuildFile; fileRef = 846D167E2641B18A006DA72B /* StockObject.swift */; };
		847E85B3261A411000E9969F /* StockFavourite.swift in Sources */ = {isa = PBXBuildFile; fileRef = 847E85B2261A411000E9969F /* StockFavourite.swift */; };
		84887991263AD99800CA54B3 /* StockLogoProvider.swift in Sources */ = {isa = PBXBuildFile; fileRef = 84887990263AD99800CA54B3 /* StockLogoProvider.swift */; };
		848BF1E026231BCD003D7E07 /* StockNewsCell.swift in Sources */ = {isa = PBXBuildFile; fileRef = 848BF1DE26231BCC003D7E07 /* StockNewsCell.swift */; };
		848BF1E126231BCD003D7E07 /* StockNewsCell.xib in Resources */ = {isa = PBXBuildFile; fileRef = 848BF1DF26231BCC003D7E07 /* StockNewsCell.xib */; };
		848FF2082655AE55000B20FF /* StockScreenerUITests.swift in Sources */ = {isa = PBXBuildFile; fileRef = 848FF2072655AE55000B20FF /* StockScreenerUITests.swift */; };
		848FF2162655AE6B000B20FF /* StockFormatterTests.swift in Sources */ = {isa = PBXBuildFile; fileRef = 848FF2152655AE6B000B20FF /* StockFormatterTests.swift */; };
		84A784AD25FE87CC000E3FDE /* AppDelegate.swift in Sources */ = {isa = PBXBuildFile; fileRef = 84A784AC25FE87CC000E3FDE /* AppDelegate.swift */; };
		84A784AF25FE87CC000E3FDE /* SceneDelegate.swift in Sources */ = {isa = PBXBuildFile; fileRef = 84A784AE25FE87CC000E3FDE /* SceneDelegate.swift */; };
		84A784B425FE87CC000E3FDE /* Main.storyboard in Resources */ = {isa = PBXBuildFile; fileRef = 84A784B225FE87CC000E3FDE /* Main.storyboard */; };
		84A784B625FE87CF000E3FDE /* Assets.xcassets in Resources */ = {isa = PBXBuildFile; fileRef = 84A784B525FE87CF000E3FDE /* Assets.xcassets */; };
		84A784B925FE87CF000E3FDE /* LaunchScreen.storyboard in Resources */ = {isa = PBXBuildFile; fileRef = 84A784B725FE87CF000E3FDE /* LaunchScreen.storyboard */; };
		84A784CC260792EC000E3FDE /* StockData.swift in Sources */ = {isa = PBXBuildFile; fileRef = 84A784CB260792EB000E3FDE /* StockData.swift */; };
		84A784CF26079303000E3FDE /* StockNetwork.swift in Sources */ = {isa = PBXBuildFile; fileRef = 84A784CE26079303000E3FDE /* StockNetwork.swift */; };
		84A784D72607948B000E3FDE /* StockViewController.swift in Sources */ = {isa = PBXBuildFile; fileRef = 84A784D62607948A000E3FDE /* StockViewController.swift */; };
		84A784ED2607968C000E3FDE /* StockCell.swift in Sources */ = {isa = PBXBuildFile; fileRef = 84A784EB2607968C000E3FDE /* StockCell.swift */; };
		84A784EE2607968C000E3FDE /* StockCell.xib in Resources */ = {isa = PBXBuildFile; fileRef = 84A784EC2607968C000E3FDE /* StockCell.xib */; };
		84A78503260A6BD6000E3FDE /* StockError.swift in Sources */ = {isa = PBXBuildFile; fileRef = 84A78502260A6BD6000E3FDE /* StockError.swift */; };
		84A78507260A7E8A000E3FDE /* StockModel.swift in Sources */ = {isa = PBXBuildFile; fileRef = 84A78506260A7E8A000E3FDE /* StockModel.swift */; };
		84C719392610EEC10000D0C2 /* StockFormatter.swift in Sources */ = {isa = PBXBuildFile; fileRef = 84C719382610EEC10000D0C2 /* StockFormatter.swift */; };
		84D2C45F2618C49F0031B14A /* Config.swift in Sources */ = {isa = PBXBuildFile; fileRef = 84D2C45E2618C49F0031B14A /* Config.swift */; };
		84D71B0E261B728000D4EC9C /* StockChartCell.swift in Sources */ = {isa = PBXBuildFile; fileRef = 84D71B0C261B728000D4EC9C /* StockChartCell.swift */; };
		84E083C5265AD98000D2A096 /* UIColor+Custom.swift in Sources */ = {isa = PBXBuildFile; fileRef = 84E083C4265AD98000D2A096 /* UIColor+Custom.swift */; };
		84E3ECFF262200C00037272E /* ChartView.swift in Sources */ = {isa = PBXBuildFile; fileRef = 84E3ECFE262200C00037272E /* ChartView.swift */; };
		84E3ED032622122D0037272E /* StockNewsModel.swift in Sources */ = {isa = PBXBuildFile; fileRef = 84E3ED022622122D0037272E /* StockNewsModel.swift */; };
		CC0A2A0088BE624E0268E05A /* Pods_Stock_Screener.framework in Frameworks */ = {isa = PBXBuildFile; fileRef = F0361BC0E9663F07EBD64A92 /* Pods_Stock_Screener.framework */; };
/* End PBXBuildFile section */

/* Begin PBXContainerItemProxy section */
		848FF20A2655AE55000B20FF /* PBXContainerItemProxy */ = {
			isa = PBXContainerItemProxy;
			containerPortal = 84A784A125FE87CC000E3FDE /* Project object */;
			proxyType = 1;
			remoteGlobalIDString = 84A784A825FE87CC000E3FDE;
			remoteInfo = "Stock Screener";
		};
		848FF2182655AE6B000B20FF /* PBXContainerItemProxy */ = {
			isa = PBXContainerItemProxy;
			containerPortal = 84A784A125FE87CC000E3FDE /* Project object */;
			proxyType = 1;
			remoteGlobalIDString = 84A784A825FE87CC000E3FDE;
			remoteInfo = "Stock Screener";
		};
/* End PBXContainerItemProxy section */

/* Begin PBXFileReference section */
		2C29C1EDC0D85BB41FD54132 /* Pods-Stock Screener.debug.xcconfig */ = {isa = PBXFileReference; includeInIndex = 1; lastKnownFileType = text.xcconfig; name = "Pods-Stock Screener.debug.xcconfig"; path = "Target Support Files/Pods-Stock Screener/Pods-Stock Screener.debug.xcconfig"; sourceTree = "<group>"; };
		84133A3A261677C800092745 /* ResultsTableController.swift */ = {isa = PBXFileReference; fileEncoding = 4; lastKnownFileType = sourcecode.swift; path = ResultsTableController.swift; sourceTree = "<group>"; };
		84133A3F2616788200092745 /* DetailViewController.swift */ = {isa = PBXFileReference; fileEncoding = 4; lastKnownFileType = sourcecode.swift; path = DetailViewController.swift; sourceTree = "<group>"; };
		8428FB9A2613A72100C186CB /* StockManager.swift */ = {isa = PBXFileReference; lastKnownFileType = sourcecode.swift; path = StockManager.swift; sourceTree = "<group>"; };
		8428FB9E2614EBF300C186CB /* Constants.swift */ = {isa = PBXFileReference; lastKnownFileType = sourcecode.swift; path = Constants.swift; sourceTree = "<group>"; };
		84475E04262C8632004B7E99 /* ShadowView.swift */ = {isa = PBXFileReference; lastKnownFileType = sourcecode.swift; path = ShadowView.swift; sourceTree = "<group>"; };
		845E3A8D262F4EF40089272C /* StockSegments.swift */ = {isa = PBXFileReference; lastKnownFileType = sourcecode.swift; path = StockSegments.swift; sourceTree = "<group>"; };
		846D167B2641B12E006DA72B /* StockModelObject.swift */ = {isa = PBXFileReference; lastKnownFileType = sourcecode.swift; path = StockModelObject.swift; sourceTree = "<group>"; };
		846D167E2641B18A006DA72B /* StockObject.swift */ = {isa = PBXFileReference; lastKnownFileType = sourcecode.swift; path = StockObject.swift; sourceTree = "<group>"; };
		847E85B2261A411000E9969F /* StockFavourite.swift */ = {isa = PBXFileReference; lastKnownFileType = sourcecode.swift; path = StockFavourite.swift; sourceTree = "<group>"; };
		84887990263AD99800CA54B3 /* StockLogoProvider.swift */ = {isa = PBXFileReference; lastKnownFileType = sourcecode.swift; path = StockLogoProvider.swift; sourceTree = "<group>"; };
		848BF1DE26231BCC003D7E07 /* StockNewsCell.swift */ = {isa = PBXFileReference; lastKnownFileType = sourcecode.swift; path = StockNewsCell.swift; sourceTree = "<group>"; };
		848BF1DF26231BCC003D7E07 /* StockNewsCell.xib */ = {isa = PBXFileReference; lastKnownFileType = file.xib; path = StockNewsCell.xib; sourceTree = "<group>"; };
		848FF2052655AE55000B20FF /* Stock Screener UITests.xctest */ = {isa = PBXFileReference; explicitFileType = wrapper.cfbundle; includeInIndex = 0; path = "Stock Screener UITests.xctest"; sourceTree = BUILT_PRODUCTS_DIR; };
		848FF2072655AE55000B20FF /* StockScreenerUITests.swift */ = {isa = PBXFileReference; lastKnownFileType = sourcecode.swift; path = StockScreenerUITests.swift; sourceTree = "<group>"; };
		848FF2092655AE55000B20FF /* Info.plist */ = {isa = PBXFileReference; lastKnownFileType = text.plist.xml; path = Info.plist; sourceTree = "<group>"; };
		848FF2132655AE6B000B20FF /* Stock Screener Tests.xctest */ = {isa = PBXFileReference; explicitFileType = wrapper.cfbundle; includeInIndex = 0; path = "Stock Screener Tests.xctest"; sourceTree = BUILT_PRODUCTS_DIR; };
		848FF2152655AE6B000B20FF /* StockFormatterTests.swift */ = {isa = PBXFileReference; lastKnownFileType = sourcecode.swift; path = StockFormatterTests.swift; sourceTree = "<group>"; };
		848FF2172655AE6B000B20FF /* Info.plist */ = {isa = PBXFileReference; lastKnownFileType = text.plist.xml; path = Info.plist; sourceTree = "<group>"; };
		84A784A925FE87CC000E3FDE /* Stock Screener.app */ = {isa = PBXFileReference; explicitFileType = wrapper.application; includeInIndex = 0; path = "Stock Screener.app"; sourceTree = BUILT_PRODUCTS_DIR; };
		84A784AC25FE87CC000E3FDE /* AppDelegate.swift */ = {isa = PBXFileReference; lastKnownFileType = sourcecode.swift; path = AppDelegate.swift; sourceTree = "<group>"; };
		84A784AE25FE87CC000E3FDE /* SceneDelegate.swift */ = {isa = PBXFileReference; lastKnownFileType = sourcecode.swift; path = SceneDelegate.swift; sourceTree = "<group>"; };
		84A784B325FE87CC000E3FDE /* Base */ = {isa = PBXFileReference; lastKnownFileType = file.storyboard; name = Base; path = Base.lproj/Main.storyboard; sourceTree = "<group>"; };
		84A784B525FE87CF000E3FDE /* Assets.xcassets */ = {isa = PBXFileReference; lastKnownFileType = folder.assetcatalog; path = Assets.xcassets; sourceTree = "<group>"; };
		84A784B825FE87CF000E3FDE /* Base */ = {isa = PBXFileReference; lastKnownFileType = file.storyboard; name = Base; path = Base.lproj/LaunchScreen.storyboard; sourceTree = "<group>"; };
		84A784BA25FE87CF000E3FDE /* Info.plist */ = {isa = PBXFileReference; lastKnownFileType = text.plist.xml; path = Info.plist; sourceTree = "<group>"; };
		84A784CB260792EB000E3FDE /* StockData.swift */ = {isa = PBXFileReference; lastKnownFileType = sourcecode.swift; path = StockData.swift; sourceTree = "<group>"; };
		84A784CE26079303000E3FDE /* StockNetwork.swift */ = {isa = PBXFileReference; lastKnownFileType = sourcecode.swift; path = StockNetwork.swift; sourceTree = "<group>"; };
		84A784D62607948A000E3FDE /* StockViewController.swift */ = {isa = PBXFileReference; lastKnownFileType = sourcecode.swift; path = StockViewController.swift; sourceTree = "<group>"; };
		84A784EB2607968C000E3FDE /* StockCell.swift */ = {isa = PBXFileReference; lastKnownFileType = sourcecode.swift; path = StockCell.swift; sourceTree = "<group>"; };
		84A784EC2607968C000E3FDE /* StockCell.xib */ = {isa = PBXFileReference; lastKnownFileType = file.xib; path = StockCell.xib; sourceTree = "<group>"; };
		84A78502260A6BD6000E3FDE /* StockError.swift */ = {isa = PBXFileReference; lastKnownFileType = sourcecode.swift; path = StockError.swift; sourceTree = "<group>"; };
		84A78506260A7E8A000E3FDE /* StockModel.swift */ = {isa = PBXFileReference; lastKnownFileType = sourcecode.swift; path = StockModel.swift; sourceTree = "<group>"; };
		84C719382610EEC10000D0C2 /* StockFormatter.swift */ = {isa = PBXFileReference; lastKnownFileType = sourcecode.swift; path = StockFormatter.swift; sourceTree = "<group>"; };
		84D2C45E2618C49F0031B14A /* Config.swift */ = {isa = PBXFileReference; lastKnownFileType = sourcecode.swift; path = Config.swift; sourceTree = "<group>"; };
		84D71B0C261B728000D4EC9C /* StockChartCell.swift */ = {isa = PBXFileReference; lastKnownFileType = sourcecode.swift; path = StockChartCell.swift; sourceTree = "<group>"; };
		84E083C4265AD98000D2A096 /* UIColor+Custom.swift */ = {isa = PBXFileReference; lastKnownFileType = sourcecode.swift; path = "UIColor+Custom.swift"; sourceTree = "<group>"; };
		84E3ECFE262200C00037272E /* ChartView.swift */ = {isa = PBXFileReference; lastKnownFileType = sourcecode.swift; path = ChartView.swift; sourceTree = "<group>"; };
		84E3ED022622122D0037272E /* StockNewsModel.swift */ = {isa = PBXFileReference; lastKnownFileType = sourcecode.swift; path = StockNewsModel.swift; sourceTree = "<group>"; };
		8F54EB28725741BB83BA4549 /* Pods-Stock Screener.release.xcconfig */ = {isa = PBXFileReference; includeInIndex = 1; lastKnownFileType = text.xcconfig; name = "Pods-Stock Screener.release.xcconfig"; path = "Target Support Files/Pods-Stock Screener/Pods-Stock Screener.release.xcconfig"; sourceTree = "<group>"; };
		F0361BC0E9663F07EBD64A92 /* Pods_Stock_Screener.framework */ = {isa = PBXFileReference; explicitFileType = wrapper.framework; includeInIndex = 0; path = Pods_Stock_Screener.framework; sourceTree = BUILT_PRODUCTS_DIR; };
/* End PBXFileReference section */

/* Begin PBXFrameworksBuildPhase section */
		848FF2022655AE55000B20FF /* Frameworks */ = {
			isa = PBXFrameworksBuildPhase;
			buildActionMask = 2147483647;
			files = (
			);
			runOnlyForDeploymentPostprocessing = 0;
		};
		848FF2102655AE6B000B20FF /* Frameworks */ = {
			isa = PBXFrameworksBuildPhase;
			buildActionMask = 2147483647;
			files = (
			);
			runOnlyForDeploymentPostprocessing = 0;
		};
		84A784A625FE87CC000E3FDE /* Frameworks */ = {
			isa = PBXFrameworksBuildPhase;
			buildActionMask = 2147483647;
			files = (
				CC0A2A0088BE624E0268E05A /* Pods_Stock_Screener.framework in Frameworks */,
			);
			runOnlyForDeploymentPostprocessing = 0;
		};
/* End PBXFrameworksBuildPhase section */

/* Begin PBXGroup section */
		3FD944F860A51EA8C7E8A454 /* Pods */ = {
			isa = PBXGroup;
			children = (
				2C29C1EDC0D85BB41FD54132 /* Pods-Stock Screener.debug.xcconfig */,
				8F54EB28725741BB83BA4549 /* Pods-Stock Screener.release.xcconfig */,
			);
			path = Pods;
			sourceTree = "<group>";
		};
		64C17B448BE3AAD9EA3D9980 /* Frameworks */ = {
			isa = PBXGroup;
			children = (
				F0361BC0E9663F07EBD64A92 /* Pods_Stock_Screener.framework */,
			);
			name = Frameworks;
			sourceTree = "<group>";
		};
		84475E03262C8604004B7E99 /* Cells */ = {
			isa = PBXGroup;
			children = (
				84A784EB2607968C000E3FDE /* StockCell.swift */,
				84A784EC2607968C000E3FDE /* StockCell.xib */,
				84D71B0C261B728000D4EC9C /* StockChartCell.swift */,
				848BF1DE26231BCC003D7E07 /* StockNewsCell.swift */,
				848BF1DF26231BCC003D7E07 /* StockNewsCell.xib */,
			);
			path = Cells;
			sourceTree = "<group>";
		};
		846D16792641AFE8006DA72B /* Entities */ = {
			isa = PBXGroup;
			children = (
				846D167B2641B12E006DA72B /* StockModelObject.swift */,
				846D167E2641B18A006DA72B /* StockObject.swift */,
			);
			path = Entities;
			sourceTree = "<group>";
		};
		848FF2062655AE55000B20FF /* Stock Screener UITests */ = {
			isa = PBXGroup;
			children = (
				848FF2072655AE55000B20FF /* StockScreenerUITests.swift */,
				848FF2092655AE55000B20FF /* Info.plist */,
			);
			path = "Stock Screener UITests";
			sourceTree = "<group>";
		};
		848FF2142655AE6B000B20FF /* Stock Screener Tests */ = {
			isa = PBXGroup;
			children = (
				848FF2152655AE6B000B20FF /* StockFormatterTests.swift */,
				848FF2172655AE6B000B20FF /* Info.plist */,
			);
			path = "Stock Screener Tests";
			sourceTree = "<group>";
		};
		849D5E5C2651D16D00849B15 /* Managers */ = {
			isa = PBXGroup;
			children = (
				8428FB9A2613A72100C186CB /* StockManager.swift */,
				84A784CE26079303000E3FDE /* StockNetwork.swift */,
				84887990263AD99800CA54B3 /* StockLogoProvider.swift */,
				84C719382610EEC10000D0C2 /* StockFormatter.swift */,
				847E85B2261A411000E9969F /* StockFavourite.swift */,
			);
			path = Managers;
			sourceTree = "<group>";
		};
		849D5E5F2652E12E00849B15 /* Custom Views */ = {
			isa = PBXGroup;
			children = (
				84475E04262C8632004B7E99 /* ShadowView.swift */,
				84E3ECFE262200C00037272E /* ChartView.swift */,
			);
			path = "Custom Views";
			sourceTree = "<group>";
		};
		84A784A025FE87CC000E3FDE = {
			isa = PBXGroup;
			children = (
				84A784AB25FE87CC000E3FDE /* Stock Screener */,
				848FF2062655AE55000B20FF /* Stock Screener UITests */,
				848FF2142655AE6B000B20FF /* Stock Screener Tests */,
				84A784AA25FE87CC000E3FDE /* Products */,
				3FD944F860A51EA8C7E8A454 /* Pods */,
				64C17B448BE3AAD9EA3D9980 /* Frameworks */,
			);
			sourceTree = "<group>";
		};
		84A784AA25FE87CC000E3FDE /* Products */ = {
			isa = PBXGroup;
			children = (
				84A784A925FE87CC000E3FDE /* Stock Screener.app */,
				848FF2052655AE55000B20FF /* Stock Screener UITests.xctest */,
				848FF2132655AE6B000B20FF /* Stock Screener Tests.xctest */,
			);
			name = Products;
			sourceTree = "<group>";
		};
		84A784AB25FE87CC000E3FDE /* Stock Screener */ = {
			isa = PBXGroup;
			children = (
				84A784AC25FE87CC000E3FDE /* AppDelegate.swift */,
				84A784AE25FE87CC000E3FDE /* SceneDelegate.swift */,
				846D16792641AFE8006DA72B /* Entities */,
				849D5E5C2651D16D00849B15 /* Managers */,
				84A784C52601406C000E3FDE /* Models */,
				84A784C626014079000E3FDE /* Views */,
				84A784C326014055000E3FDE /* Controllers */,
				84A784B525FE87CF000E3FDE /* Assets.xcassets */,
				84D2C45E2618C49F0031B14A /* Config.swift */,
				8428FB9E2614EBF300C186CB /* Constants.swift */,
				84E083C4265AD98000D2A096 /* UIColor+Custom.swift */,
				84A784B725FE87CF000E3FDE /* LaunchScreen.storyboard */,
				84A784BA25FE87CF000E3FDE /* Info.plist */,
			);
			path = "Stock Screener";
			sourceTree = "<group>";
		};
		84A784C326014055000E3FDE /* Controllers */ = {
			isa = PBXGroup;
			children = (
				84A784D62607948A000E3FDE /* StockViewController.swift */,
				84133A3A261677C800092745 /* ResultsTableController.swift */,
				84133A3F2616788200092745 /* DetailViewController.swift */,
			);
			path = Controllers;
			sourceTree = "<group>";
		};
		84A784C52601406C000E3FDE /* Models */ = {
			isa = PBXGroup;
			children = (
				84A784CB260792EB000E3FDE /* StockData.swift */,
				84A78506260A7E8A000E3FDE /* StockModel.swift */,
				84E3ED022622122D0037272E /* StockNewsModel.swift */,
				84A78502260A6BD6000E3FDE /* StockError.swift */,
				845E3A8D262F4EF40089272C /* StockSegments.swift */,
			);
			path = Models;
			sourceTree = "<group>";
		};
		84A784C626014079000E3FDE /* Views */ = {
			isa = PBXGroup;
			children = (
				84A784B225FE87CC000E3FDE /* Main.storyboard */,
				849D5E5F2652E12E00849B15 /* Custom Views */,
				84475E03262C8604004B7E99 /* Cells */,
			);
			path = Views;
			sourceTree = "<group>";
		};
/* End PBXGroup section */

/* Begin PBXNativeTarget section */
		848FF2042655AE55000B20FF /* Stock Screener UITests */ = {
			isa = PBXNativeTarget;
			buildConfigurationList = 848FF20C2655AE55000B20FF /* Build configuration list for PBXNativeTarget "Stock Screener UITests" */;
			buildPhases = (
				848FF2012655AE55000B20FF /* Sources */,
				848FF2022655AE55000B20FF /* Frameworks */,
				848FF2032655AE55000B20FF /* Resources */,
			);
			buildRules = (
			);
			dependencies = (
				848FF20B2655AE55000B20FF /* PBXTargetDependency */,
			);
			name = "Stock Screener UITests";
			productName = "Stock Screener UITests";
			productReference = 848FF2052655AE55000B20FF /* Stock Screener UITests.xctest */;
			productType = "com.apple.product-type.bundle.ui-testing";
		};
		848FF2122655AE6B000B20FF /* Stock Screener Tests */ = {
			isa = PBXNativeTarget;
			buildConfigurationList = 848FF21A2655AE6B000B20FF /* Build configuration list for PBXNativeTarget "Stock Screener Tests" */;
			buildPhases = (
				848FF20F2655AE6B000B20FF /* Sources */,
				848FF2102655AE6B000B20FF /* Frameworks */,
				848FF2112655AE6B000B20FF /* Resources */,
			);
			buildRules = (
			);
			dependencies = (
				848FF2192655AE6B000B20FF /* PBXTargetDependency */,
			);
			name = "Stock Screener Tests";
			productName = "Stock Screener Tests";
			productReference = 848FF2132655AE6B000B20FF /* Stock Screener Tests.xctest */;
			productType = "com.apple.product-type.bundle.unit-test";
		};
		84A784A825FE87CC000E3FDE /* Stock Screener */ = {
			isa = PBXNativeTarget;
			buildConfigurationList = 84A784BD25FE87CF000E3FDE /* Build configuration list for PBXNativeTarget "Stock Screener" */;
			buildPhases = (
				85F794C3A14CAEF4AE3B422A /* [CP] Check Pods Manifest.lock */,
				84A784A525FE87CC000E3FDE /* Sources */,
				84A784A625FE87CC000E3FDE /* Frameworks */,
				84A784A725FE87CC000E3FDE /* Resources */,
				039191F79A7FEC3036D63C43 /* [CP] Embed Pods Frameworks */,
				84E083C3265A92F900D2A096 /* ShellScript */,
			);
			buildRules = (
			);
			dependencies = (
			);
			name = "Stock Screener";
			productName = "Stock Screener";
			productReference = 84A784A925FE87CC000E3FDE /* Stock Screener.app */;
			productType = "com.apple.product-type.application";
		};
/* End PBXNativeTarget section */

/* Begin PBXProject section */
		84A784A125FE87CC000E3FDE /* Project object */ = {
			isa = PBXProject;
			attributes = {
				LastSwiftUpdateCheck = 1250;
				LastUpgradeCheck = 1230;
				TargetAttributes = {
					848FF2042655AE55000B20FF = {
						CreatedOnToolsVersion = 12.5;
						TestTargetID = 84A784A825FE87CC000E3FDE;
					};
					848FF2122655AE6B000B20FF = {
						CreatedOnToolsVersion = 12.5;
						TestTargetID = 84A784A825FE87CC000E3FDE;
					};
					84A784A825FE87CC000E3FDE = {
						CreatedOnToolsVersion = 12.3;
					};
				};
			};
			buildConfigurationList = 84A784A425FE87CC000E3FDE /* Build configuration list for PBXProject "Stock Screener" */;
			compatibilityVersion = "Xcode 9.3";
			developmentRegion = en;
			hasScannedForEncodings = 0;
			knownRegions = (
				en,
				Base,
			);
			mainGroup = 84A784A025FE87CC000E3FDE;
			productRefGroup = 84A784AA25FE87CC000E3FDE /* Products */;
			projectDirPath = "";
			projectRoot = "";
			targets = (
				84A784A825FE87CC000E3FDE /* Stock Screener */,
				848FF2042655AE55000B20FF /* Stock Screener UITests */,
				848FF2122655AE6B000B20FF /* Stock Screener Tests */,
			);
		};
/* End PBXProject section */

/* Begin PBXResourcesBuildPhase section */
		848FF2032655AE55000B20FF /* Resources */ = {
			isa = PBXResourcesBuildPhase;
			buildActionMask = 2147483647;
			files = (
			);
			runOnlyForDeploymentPostprocessing = 0;
		};
		848FF2112655AE6B000B20FF /* Resources */ = {
			isa = PBXResourcesBuildPhase;
			buildActionMask = 2147483647;
			files = (
			);
			runOnlyForDeploymentPostprocessing = 0;
		};
		84A784A725FE87CC000E3FDE /* Resources */ = {
			isa = PBXResourcesBuildPhase;
			buildActionMask = 2147483647;
			files = (
				84A784B925FE87CF000E3FDE /* LaunchScreen.storyboard in Resources */,
				84A784B625FE87CF000E3FDE /* Assets.xcassets in Resources */,
				84A784EE2607968C000E3FDE /* StockCell.xib in Resources */,
				848BF1E126231BCD003D7E07 /* StockNewsCell.xib in Resources */,
				84A784B425FE87CC000E3FDE /* Main.storyboard in Resources */,
			);
			runOnlyForDeploymentPostprocessing = 0;
		};
/* End PBXResourcesBuildPhase section */

/* Begin PBXShellScriptBuildPhase section */
		039191F79A7FEC3036D63C43 /* [CP] Embed Pods Frameworks */ = {
			isa = PBXShellScriptBuildPhase;
			buildActionMask = 2147483647;
			files = (
			);
			inputFileListPaths = (
				"${PODS_ROOT}/Target Support Files/Pods-Stock Screener/Pods-Stock Screener-frameworks-${CONFIGURATION}-input-files.xcfilelist",
			);
			name = "[CP] Embed Pods Frameworks";
			outputFileListPaths = (
				"${PODS_ROOT}/Target Support Files/Pods-Stock Screener/Pods-Stock Screener-frameworks-${CONFIGURATION}-output-files.xcfilelist",
			);
			runOnlyForDeploymentPostprocessing = 0;
			shellPath = /bin/sh;
			shellScript = "\"${PODS_ROOT}/Target Support Files/Pods-Stock Screener/Pods-Stock Screener-frameworks.sh\"\n";
			showEnvVarsInLog = 0;
		};
		84E083C3265A92F900D2A096 /* ShellScript */ = {
			isa = PBXShellScriptBuildPhase;
			alwaysOutOfDate = 1;
			buildActionMask = 2147483647;
			files = (
			);
			inputFileListPaths = (
			);
			inputPaths = (
			);
			outputFileListPaths = (
			);
			outputPaths = (
			);
			runOnlyForDeploymentPostprocessing = 0;
			shellPath = /bin/sh;
			shellScript = "\"${PODS_ROOT}/SwiftLint/swiftlint\"\n";
		};
		85F794C3A14CAEF4AE3B422A /* [CP] Check Pods Manifest.lock */ = {
			isa = PBXShellScriptBuildPhase;
			buildActionMask = 2147483647;
			files = (
			);
			inputFileListPaths = (
			);
			inputPaths = (
				"${PODS_PODFILE_DIR_PATH}/Podfile.lock",
				"${PODS_ROOT}/Manifest.lock",
			);
			name = "[CP] Check Pods Manifest.lock";
			outputFileListPaths = (
			);
			outputPaths = (
				"$(DERIVED_FILE_DIR)/Pods-Stock Screener-checkManifestLockResult.txt",
			);
			runOnlyForDeploymentPostprocessing = 0;
			shellPath = /bin/sh;
			shellScript = "diff \"${PODS_PODFILE_DIR_PATH}/Podfile.lock\" \"${PODS_ROOT}/Manifest.lock\" > /dev/null\nif [ $? != 0 ] ; then\n    # print error to STDERR\n    echo \"error: The sandbox is not in sync with the Podfile.lock. Run 'pod install' or update your CocoaPods installation.\" >&2\n    exit 1\nfi\n# This output is used by Xcode 'outputs' to avoid re-running this script phase.\necho \"SUCCESS\" > \"${SCRIPT_OUTPUT_FILE_0}\"\n";
			showEnvVarsInLog = 0;
		};
/* End PBXShellScriptBuildPhase section */

/* Begin PBXSourcesBuildPhase section */
		848FF2012655AE55000B20FF /* Sources */ = {
			isa = PBXSourcesBuildPhase;
			buildActionMask = 2147483647;
			files = (
				848FF2082655AE55000B20FF /* StockScreenerUITests.swift in Sources */,
			);
			runOnlyForDeploymentPostprocessing = 0;
		};
		848FF20F2655AE6B000B20FF /* Sources */ = {
			isa = PBXSourcesBuildPhase;
			buildActionMask = 2147483647;
			files = (
				848FF2162655AE6B000B20FF /* StockFormatterTests.swift in Sources */,
			);
			runOnlyForDeploymentPostprocessing = 0;
		};
		84A784A525FE87CC000E3FDE /* Sources */ = {
			isa = PBXSourcesBuildPhase;
			buildActionMask = 2147483647;
			files = (
				84133A402616788200092745 /* DetailViewController.swift in Sources */,
				848BF1E026231BCD003D7E07 /* StockNewsCell.swift in Sources */,
				84A78507260A7E8A000E3FDE /* StockModel.swift in Sources */,
				8428FB9F2614EBF300C186CB /* Constants.swift in Sources */,
				847E85B3261A411000E9969F /* StockFavourite.swift in Sources */,
				84D2C45F2618C49F0031B14A /* Config.swift in Sources */,
				84A784CF26079303000E3FDE /* StockNetwork.swift in Sources */,
				84C719392610EEC10000D0C2 /* StockFormatter.swift in Sources */,
				846D167C2641B12E006DA72B /* StockModelObject.swift in Sources */,
				84A78503260A6BD6000E3FDE /* StockError.swift in Sources */,
				8428FB9B2613A72100C186CB /* StockManager.swift in Sources */,
				84A784ED2607968C000E3FDE /* StockCell.swift in Sources */,
				84475E05262C8632004B7E99 /* ShadowView.swift in Sources */,
				845E3A8E262F4EF40089272C /* StockSegments.swift in Sources */,
				84E3ED032622122D0037272E /* StockNewsModel.swift in Sources */,
				84887991263AD99800CA54B3 /* StockLogoProvider.swift in Sources */,
				84E083C5265AD98000D2A096 /* UIColor+Custom.swift in Sources */,
				846D167F2641B18A006DA72B /* StockObject.swift in Sources */,
				84E3ECFF262200C00037272E /* ChartView.swift in Sources */,
				84A784AD25FE87CC000E3FDE /* AppDelegate.swift in Sources */,
				84D71B0E261B728000D4EC9C /* StockChartCell.swift in Sources */,
				84A784D72607948B000E3FDE /* StockViewController.swift in Sources */,
				84133A3B261677C800092745 /* ResultsTableController.swift in Sources */,
				84A784CC260792EC000E3FDE /* StockData.swift in Sources */,
				84A784AF25FE87CC000E3FDE /* SceneDelegate.swift in Sources */,
			);
			runOnlyForDeploymentPostprocessing = 0;
		};
/* End PBXSourcesBuildPhase section */

/* Begin PBXTargetDependency section */
		848FF20B2655AE55000B20FF /* PBXTargetDependency */ = {
			isa = PBXTargetDependency;
			target = 84A784A825FE87CC000E3FDE /* Stock Screener */;
			targetProxy = 848FF20A2655AE55000B20FF /* PBXContainerItemProxy */;
		};
		848FF2192655AE6B000B20FF /* PBXTargetDependency */ = {
			isa = PBXTargetDependency;
			target = 84A784A825FE87CC000E3FDE /* Stock Screener */;
			targetProxy = 848FF2182655AE6B000B20FF /* PBXContainerItemProxy */;
		};
/* End PBXTargetDependency section */

/* Begin PBXVariantGroup section */
		84A784B225FE87CC000E3FDE /* Main.storyboard */ = {
			isa = PBXVariantGroup;
			children = (
				84A784B325FE87CC000E3FDE /* Base */,
			);
			name = Main.storyboard;
			sourceTree = "<group>";
		};
		84A784B725FE87CF000E3FDE /* LaunchScreen.storyboard */ = {
			isa = PBXVariantGroup;
			children = (
				84A784B825FE87CF000E3FDE /* Base */,
			);
			name = LaunchScreen.storyboard;
			sourceTree = "<group>";
		};
/* End PBXVariantGroup section */

/* Begin XCBuildConfiguration section */
		848FF20D2655AE55000B20FF /* Debug */ = {
			isa = XCBuildConfiguration;
			buildSettings = {
				CODE_SIGN_IDENTITY = "Apple Development";
				"CODE_SIGN_IDENTITY[sdk=macosx*]" = "-";
				CODE_SIGN_STYLE = Automatic;
				DEVELOPMENT_TEAM = 86Y95KX8Y4;
				INFOPLIST_FILE = "Stock Screener UITests/Info.plist";
				IPHONEOS_DEPLOYMENT_TARGET = 14.5;
				LD_RUNPATH_SEARCH_PATHS = (
					"$(inherited)",
					"@executable_path/Frameworks",
					"@loader_path/Frameworks",
				);
				PRODUCT_BUNDLE_IDENTIFIER = "com.elieff.Stock-Screener-UITests";
				PRODUCT_NAME = "$(TARGET_NAME)";
				PROVISIONING_PROFILE_SPECIFIER = "";
				"PROVISIONING_PROFILE_SPECIFIER[sdk=macosx*]" = "";
				SWIFT_VERSION = 5.0;
				TARGETED_DEVICE_FAMILY = "1,2";
				TEST_TARGET_NAME = "Stock Screener";
			};
			name = Debug;
		};
		848FF20E2655AE55000B20FF /* Release */ = {
			isa = XCBuildConfiguration;
			buildSettings = {
				CODE_SIGN_IDENTITY = "Apple Development";
				"CODE_SIGN_IDENTITY[sdk=macosx*]" = "-";
				CODE_SIGN_STYLE = Automatic;
				DEVELOPMENT_TEAM = 86Y95KX8Y4;
				INFOPLIST_FILE = "Stock Screener UITests/Info.plist";
				IPHONEOS_DEPLOYMENT_TARGET = 14.5;
				LD_RUNPATH_SEARCH_PATHS = (
					"$(inherited)",
					"@executable_path/Frameworks",
					"@loader_path/Frameworks",
				);
				PRODUCT_BUNDLE_IDENTIFIER = "com.elieff.Stock-Screener-UITests";
				PRODUCT_NAME = "$(TARGET_NAME)";
				PROVISIONING_PROFILE_SPECIFIER = "";
				"PROVISIONING_PROFILE_SPECIFIER[sdk=macosx*]" = "";
				SWIFT_VERSION = 5.0;
				TARGETED_DEVICE_FAMILY = "1,2";
				TEST_TARGET_NAME = "Stock Screener";
			};
			name = Release;
		};
		848FF21B2655AE6B000B20FF /* Debug */ = {
			isa = XCBuildConfiguration;
			buildSettings = {
				BUNDLE_LOADER = "$(TEST_HOST)";
				CODE_SIGN_IDENTITY = "Apple Development";
				"CODE_SIGN_IDENTITY[sdk=macosx*]" = "-";
				CODE_SIGN_STYLE = Automatic;
				DEVELOPMENT_TEAM = 86Y95KX8Y4;
				INFOPLIST_FILE = "Stock Screener Tests/Info.plist";
				IPHONEOS_DEPLOYMENT_TARGET = 14.5;
				LD_RUNPATH_SEARCH_PATHS = (
					"$(inherited)",
					"@executable_path/Frameworks",
					"@loader_path/Frameworks",
				);
				PRODUCT_BUNDLE_IDENTIFIER = "com.elieff.Stock-Screener-Tests";
				PRODUCT_NAME = "$(TARGET_NAME)";
				PROVISIONING_PROFILE_SPECIFIER = "";
				"PROVISIONING_PROFILE_SPECIFIER[sdk=macosx*]" = "";
				SWIFT_VERSION = 5.0;
				TARGETED_DEVICE_FAMILY = "1,2";
				TEST_HOST = "$(BUILT_PRODUCTS_DIR)/Stock Screener.app/Stock Screener";
			};
			name = Debug;
		};
		848FF21C2655AE6B000B20FF /* Release */ = {
			isa = XCBuildConfiguration;
			buildSettings = {
				BUNDLE_LOADER = "$(TEST_HOST)";
				CODE_SIGN_IDENTITY = "Apple Development";
				"CODE_SIGN_IDENTITY[sdk=macosx*]" = "-";
				CODE_SIGN_STYLE = Automatic;
				DEVELOPMENT_TEAM = 86Y95KX8Y4;
				INFOPLIST_FILE = "Stock Screener Tests/Info.plist";
				IPHONEOS_DEPLOYMENT_TARGET = 14.5;
				LD_RUNPATH_SEARCH_PATHS = (
					"$(inherited)",
					"@executable_path/Frameworks",
					"@loader_path/Frameworks",
				);
				PRODUCT_BUNDLE_IDENTIFIER = "com.elieff.Stock-Screener-Tests";
				PRODUCT_NAME = "$(TARGET_NAME)";
				PROVISIONING_PROFILE_SPECIFIER = "";
				"PROVISIONING_PROFILE_SPECIFIER[sdk=macosx*]" = "";
				SWIFT_VERSION = 5.0;
				TARGETED_DEVICE_FAMILY = "1,2";
				TEST_HOST = "$(BUILT_PRODUCTS_DIR)/Stock Screener.app/Stock Screener";
			};
			name = Release;
		};
		84A784BB25FE87CF000E3FDE /* Debug */ = {
			isa = XCBuildConfiguration;
			buildSettings = {
				ALWAYS_SEARCH_USER_PATHS = NO;
				CLANG_ANALYZER_NONNULL = YES;
				CLANG_ANALYZER_NUMBER_OBJECT_CONVERSION = YES_AGGRESSIVE;
				CLANG_CXX_LANGUAGE_STANDARD = "gnu++14";
				CLANG_CXX_LIBRARY = "libc++";
				CLANG_ENABLE_MODULES = YES;
				CLANG_ENABLE_OBJC_ARC = YES;
				CLANG_ENABLE_OBJC_WEAK = YES;
				CLANG_WARN_BLOCK_CAPTURE_AUTORELEASING = YES;
				CLANG_WARN_BOOL_CONVERSION = YES;
				CLANG_WARN_COMMA = YES;
				CLANG_WARN_CONSTANT_CONVERSION = YES;
				CLANG_WARN_DEPRECATED_OBJC_IMPLEMENTATIONS = YES;
				CLANG_WARN_DIRECT_OBJC_ISA_USAGE = YES_ERROR;
				CLANG_WARN_DOCUMENTATION_COMMENTS = YES;
				CLANG_WARN_EMPTY_BODY = YES;
				CLANG_WARN_ENUM_CONVERSION = YES;
				CLANG_WARN_INFINITE_RECURSION = YES;
				CLANG_WARN_INT_CONVERSION = YES;
				CLANG_WARN_NON_LITERAL_NULL_CONVERSION = YES;
				CLANG_WARN_OBJC_IMPLICIT_RETAIN_SELF = YES;
				CLANG_WARN_OBJC_LITERAL_CONVERSION = YES;
				CLANG_WARN_OBJC_ROOT_CLASS = YES_ERROR;
				CLANG_WARN_QUOTED_INCLUDE_IN_FRAMEWORK_HEADER = YES;
				CLANG_WARN_RANGE_LOOP_ANALYSIS = YES;
				CLANG_WARN_STRICT_PROTOTYPES = YES;
				CLANG_WARN_SUSPICIOUS_MOVE = YES;
				CLANG_WARN_UNGUARDED_AVAILABILITY = YES_AGGRESSIVE;
				CLANG_WARN_UNREACHABLE_CODE = YES;
				CLANG_WARN__DUPLICATE_METHOD_MATCH = YES;
				COPY_PHASE_STRIP = NO;
				DEBUG_INFORMATION_FORMAT = dwarf;
				ENABLE_STRICT_OBJC_MSGSEND = YES;
				ENABLE_TESTABILITY = YES;
				GCC_C_LANGUAGE_STANDARD = gnu11;
				GCC_DYNAMIC_NO_PIC = NO;
				GCC_NO_COMMON_BLOCKS = YES;
				GCC_OPTIMIZATION_LEVEL = 0;
				GCC_PREPROCESSOR_DEFINITIONS = (
					"DEBUG=1",
					"$(inherited)",
				);
				GCC_WARN_64_TO_32_BIT_CONVERSION = YES;
				GCC_WARN_ABOUT_RETURN_TYPE = YES_ERROR;
				GCC_WARN_UNDECLARED_SELECTOR = YES;
				GCC_WARN_UNINITIALIZED_AUTOS = YES_AGGRESSIVE;
				GCC_WARN_UNUSED_FUNCTION = YES;
				GCC_WARN_UNUSED_VARIABLE = YES;
				IPHONEOS_DEPLOYMENT_TARGET = 14.0;
				MTL_ENABLE_DEBUG_INFO = INCLUDE_SOURCE;
				MTL_FAST_MATH = YES;
				ONLY_ACTIVE_ARCH = YES;
				SDKROOT = iphoneos;
				SWIFT_ACTIVE_COMPILATION_CONDITIONS = DEBUG;
				SWIFT_OPTIMIZATION_LEVEL = "-Onone";
			};
			name = Debug;
		};
		84A784BC25FE87CF000E3FDE /* Release */ = {
			isa = XCBuildConfiguration;
			buildSettings = {
				ALWAYS_SEARCH_USER_PATHS = NO;
				CLANG_ANALYZER_NONNULL = YES;
				CLANG_ANALYZER_NUMBER_OBJECT_CONVERSION = YES_AGGRESSIVE;
				CLANG_CXX_LANGUAGE_STANDARD = "gnu++14";
				CLANG_CXX_LIBRARY = "libc++";
				CLANG_ENABLE_MODULES = YES;
				CLANG_ENABLE_OBJC_ARC = YES;
				CLANG_ENABLE_OBJC_WEAK = YES;
				CLANG_WARN_BLOCK_CAPTURE_AUTORELEASING = YES;
				CLANG_WARN_BOOL_CONVERSION = YES;
				CLANG_WARN_COMMA = YES;
				CLANG_WARN_CONSTANT_CONVERSION = YES;
				CLANG_WARN_DEPRECATED_OBJC_IMPLEMENTATIONS = YES;
				CLANG_WARN_DIRECT_OBJC_ISA_USAGE = YES_ERROR;
				CLANG_WARN_DOCUMENTATION_COMMENTS = YES;
				CLANG_WARN_EMPTY_BODY = YES;
				CLANG_WARN_ENUM_CONVERSION = YES;
				CLANG_WARN_INFINITE_RECURSION = YES;
				CLANG_WARN_INT_CONVERSION = YES;
				CLANG_WARN_NON_LITERAL_NULL_CONVERSION = YES;
				CLANG_WARN_OBJC_IMPLICIT_RETAIN_SELF = YES;
				CLANG_WARN_OBJC_LITERAL_CONVERSION = YES;
				CLANG_WARN_OBJC_ROOT_CLASS = YES_ERROR;
				CLANG_WARN_QUOTED_INCLUDE_IN_FRAMEWORK_HEADER = YES;
				CLANG_WARN_RANGE_LOOP_ANALYSIS = YES;
				CLANG_WARN_STRICT_PROTOTYPES = YES;
				CLANG_WARN_SUSPICIOUS_MOVE = YES;
				CLANG_WARN_UNGUARDED_AVAILABILITY = YES_AGGRESSIVE;
				CLANG_WARN_UNREACHABLE_CODE = YES;
				CLANG_WARN__DUPLICATE_METHOD_MATCH = YES;
				COPY_PHASE_STRIP = NO;
				DEBUG_INFORMATION_FORMAT = "dwarf-with-dsym";
				ENABLE_NS_ASSERTIONS = NO;
				ENABLE_STRICT_OBJC_MSGSEND = YES;
				GCC_C_LANGUAGE_STANDARD = gnu11;
				GCC_NO_COMMON_BLOCKS = YES;
				GCC_WARN_64_TO_32_BIT_CONVERSION = YES;
				GCC_WARN_ABOUT_RETURN_TYPE = YES_ERROR;
				GCC_WARN_UNDECLARED_SELECTOR = YES;
				GCC_WARN_UNINITIALIZED_AUTOS = YES_AGGRESSIVE;
				GCC_WARN_UNUSED_FUNCTION = YES;
				GCC_WARN_UNUSED_VARIABLE = YES;
				IPHONEOS_DEPLOYMENT_TARGET = 14.0;
				MTL_ENABLE_DEBUG_INFO = NO;
				MTL_FAST_MATH = YES;
				SDKROOT = iphoneos;
				SWIFT_COMPILATION_MODE = wholemodule;
				SWIFT_OPTIMIZATION_LEVEL = "-O";
				VALIDATE_PRODUCT = YES;
			};
			name = Release;
		};
		84A784BE25FE87CF000E3FDE /* Debug */ = {
			isa = XCBuildConfiguration;
			baseConfigurationReference = 2C29C1EDC0D85BB41FD54132 /* Pods-Stock Screener.debug.xcconfig */;
			buildSettings = {
				ASSETCATALOG_COMPILER_APPICON_NAME = AppIcon;
				ASSETCATALOG_COMPILER_GLOBAL_ACCENT_COLOR_NAME = AccentColor;
				CODE_SIGN_IDENTITY = "Apple Development";
				CODE_SIGN_STYLE = Automatic;
				DEVELOPMENT_TEAM = 86Y95KX8Y4;
				INFOPLIST_FILE = "Stock Screener/Info.plist";
				IPHONEOS_DEPLOYMENT_TARGET = 14.0;
				LD_RUNPATH_SEARCH_PATHS = (
					"$(inherited)",
					"@executable_path/Frameworks",
				);
				PRODUCT_BUNDLE_IDENTIFIER = "com.elieff.iOS-Stock-Screener";
				PRODUCT_NAME = "$(TARGET_NAME)";
				PROVISIONING_PROFILE_SPECIFIER = "";
				SWIFT_VERSION = 5.0;
				TARGETED_DEVICE_FAMILY = 1;
			};
			name = Debug;
		};
		84A784BF25FE87CF000E3FDE /* Release */ = {
			isa = XCBuildConfiguration;
			baseConfigurationReference = 8F54EB28725741BB83BA4549 /* Pods-Stock Screener.release.xcconfig */;
			buildSettings = {
				ASSETCATALOG_COMPILER_APPICON_NAME = AppIcon;
				ASSETCATALOG_COMPILER_GLOBAL_ACCENT_COLOR_NAME = AccentColor;
				CODE_SIGN_IDENTITY = "Apple Development";
				CODE_SIGN_STYLE = Automatic;
				DEVELOPMENT_TEAM = 86Y95KX8Y4;
				INFOPLIST_FILE = "Stock Screener/Info.plist";
				IPHONEOS_DEPLOYMENT_TARGET = 14.0;
				LD_RUNPATH_SEARCH_PATHS = (
					"$(inherited)",
					"@executable_path/Frameworks",
				);
				PRODUCT_BUNDLE_IDENTIFIER = "com.elieff.iOS-Stock-Screener";
				PRODUCT_NAME = "$(TARGET_NAME)";
				PROVISIONING_PROFILE_SPECIFIER = "";
				SWIFT_VERSION = 5.0;
				TARGETED_DEVICE_FAMILY = 1;
			};
			name = Release;
		};
/* End XCBuildConfiguration section */

/* Begin XCConfigurationList section */
		848FF20C2655AE55000B20FF /* Build configuration list for PBXNativeTarget "Stock Screener UITests" */ = {
			isa = XCConfigurationList;
			buildConfigurations = (
				848FF20D2655AE55000B20FF /* Debug */,
				848FF20E2655AE55000B20FF /* Release */,
			);
			defaultConfigurationIsVisible = 0;
			defaultConfigurationName = Release;
		};
		848FF21A2655AE6B000B20FF /* Build configuration list for PBXNativeTarget "Stock Screener Tests" */ = {
			isa = XCConfigurationList;
			buildConfigurations = (
				848FF21B2655AE6B000B20FF /* Debug */,
				848FF21C2655AE6B000B20FF /* Release */,
			);
			defaultConfigurationIsVisible = 0;
			defaultConfigurationName = Release;
		};
		84A784A425FE87CC000E3FDE /* Build configuration list for PBXProject "Stock Screener" */ = {
			isa = XCConfigurationList;
			buildConfigurations = (
				84A784BB25FE87CF000E3FDE /* Debug */,
				84A784BC25FE87CF000E3FDE /* Release */,
			);
			defaultConfigurationIsVisible = 0;
			defaultConfigurationName = Release;
		};
		84A784BD25FE87CF000E3FDE /* Build configuration list for PBXNativeTarget "Stock Screener" */ = {
			isa = XCConfigurationList;
			buildConfigurations = (
				84A784BE25FE87CF000E3FDE /* Debug */,
				84A784BF25FE87CF000E3FDE /* Release */,
			);
			defaultConfigurationIsVisible = 0;
			defaultConfigurationName = Release;
		};
/* End XCConfigurationList section */
	};
	rootObject = 84A784A125FE87CC000E3FDE /* Project object */;
}
